// !$*UTF8*$!
{
	archiveVersion = 1;
	classes = {
	};
	objectVersion = 56;
	objects = {

/* Begin PBXBuildFile section */
		275A116A2C821F44009FAD13 /* ProjetTestApp.swift in Sources */ = {isa = PBXBuildFile; fileRef = 275A11692C821F44009FAD13 /* ProjetTestApp.swift */; };
		275A116C2C821F44009FAD13 /* ContentView.swift in Sources */ = {isa = PBXBuildFile; fileRef = 275A116B2C821F44009FAD13 /* ContentView.swift */; };
		275A116E2C821F45009FAD13 /* Assets.xcassets in Resources */ = {isa = PBXBuildFile; fileRef = 275A116D2C821F45009FAD13 /* Assets.xcassets */; };
		275A11722C821F45009FAD13 /* Preview Assets.xcassets in Resources */ = {isa = PBXBuildFile; fileRef = 275A11712C821F45009FAD13 /* Preview Assets.xcassets */; };
		275A117C2C821F46009FAD13 /* ProjetTestTests.swift in Sources */ = {isa = PBXBuildFile; fileRef = 275A117B2C821F46009FAD13 /* ProjetTestTests.swift */; };
		275A11862C821F46009FAD13 /* ProjetTestUITests.swift in Sources */ = {isa = PBXBuildFile; fileRef = 275A11852C821F46009FAD13 /* ProjetTestUITests.swift */; };
		275A11882C821F46009FAD13 /* ProjetTestUITestsLaunchTests.swift in Sources */ = {isa = PBXBuildFile; fileRef = 275A11872C821F46009FAD13 /* ProjetTestUITestsLaunchTests.swift */; };
/* End PBXBuildFile section */

/* Begin PBXContainerItemProxy section */
		275A11782C821F46009FAD13 /* PBXContainerItemProxy */ = {
			isa = PBXContainerItemProxy;
			containerPortal = 275A115E2C821F44009FAD13 /* Project object */;
			proxyType = 1;
			remoteGlobalIDString = 275A11652C821F44009FAD13;
			remoteInfo = ProjetTest;
		};
		275A11822C821F46009FAD13 /* PBXContainerItemProxy */ = {
			isa = PBXContainerItemProxy;
			containerPortal = 275A115E2C821F44009FAD13 /* Project object */;
			proxyType = 1;
			remoteGlobalIDString = 275A11652C821F44009FAD13;
			remoteInfo = ProjetTest;
		};
/* End PBXContainerItemProxy section */

/* Begin PBXFileReference section */
		275A11662C821F44009FAD13 /* ProjetTest.app */ = {isa = PBXFileReference; explicitFileType = wrapper.application; includeInIndex = 0; path = ProjetTest.app; sourceTree = BUILT_PRODUCTS_DIR; };
		275A11692C821F44009FAD13 /* ProjetTestApp.swift */ = {isa = PBXFileReference; lastKnownFileType = sourcecode.swift; path = ProjetTestApp.swift; sourceTree = "<group>"; };
		275A116B2C821F44009FAD13 /* ContentView.swift */ = {isa = PBXFileReference; lastKnownFileType = sourcecode.swift; path = ContentView.swift; sourceTree = "<group>"; };
		275A116D2C821F45009FAD13 /* Assets.xcassets */ = {isa = PBXFileReference; lastKnownFileType = folder.assetcatalog; path = Assets.xcassets; sourceTree = "<group>"; };
		275A116F2C821F45009FAD13 /* ProjetTest.entitlements */ = {isa = PBXFileReference; lastKnownFileType = text.plist.entitlements; path = ProjetTest.entitlements; sourceTree = "<group>"; };
		275A11712C821F45009FAD13 /* Preview Assets.xcassets */ = {isa = PBXFileReference; lastKnownFileType = folder.assetcatalog; path = "Preview Assets.xcassets"; sourceTree = "<group>"; };
		275A11772C821F46009FAD13 /* ProjetTestTests.xctest */ = {isa = PBXFileReference; explicitFileType = wrapper.cfbundle; includeInIndex = 0; path = ProjetTestTests.xctest; sourceTree = BUILT_PRODUCTS_DIR; };
		275A117B2C821F46009FAD13 /* ProjetTestTests.swift */ = {isa = PBXFileReference; lastKnownFileType = sourcecode.swift; path = ProjetTestTests.swift; sourceTree = "<group>"; };
		275A11812C821F46009FAD13 /* ProjetTestUITests.xctest */ = {isa = PBXFileReference; explicitFileType = wrapper.cfbundle; includeInIndex = 0; path = ProjetTestUITests.xctest; sourceTree = BUILT_PRODUCTS_DIR; };
		275A11852C821F46009FAD13 /* ProjetTestUITests.swift */ = {isa = PBXFileReference; lastKnownFileType = sourcecode.swift; path = ProjetTestUITests.swift; sourceTree = "<group>"; };
		275A11872C821F46009FAD13 /* ProjetTestUITestsLaunchTests.swift */ = {isa = PBXFileReference; lastKnownFileType = sourcecode.swift; path = ProjetTestUITestsLaunchTests.swift; sourceTree = "<group>"; };
/* End PBXFileReference section */

/* Begin PBXFrameworksBuildPhase section */
		275A11632C821F44009FAD13 /* Frameworks */ = {
			isa = PBXFrameworksBuildPhase;
			buildActionMask = 2147483647;
			files = (
			);
			runOnlyForDeploymentPostprocessing = 0;
		};
		275A11742C821F46009FAD13 /* Frameworks */ = {
			isa = PBXFrameworksBuildPhase;
			buildActionMask = 2147483647;
			files = (
			);
			runOnlyForDeploymentPostprocessing = 0;
		};
		275A117E2C821F46009FAD13 /* Frameworks */ = {
			isa = PBXFrameworksBuildPhase;
			buildActionMask = 2147483647;
			files = (
			);
			runOnlyForDeploymentPostprocessing = 0;
		};
/* End PBXFrameworksBuildPhase section */

/* Begin PBXGroup section */
		275A115D2C821F44009FAD13 = {
			isa = PBXGroup;
			children = (
				275A11682C821F44009FAD13 /* ProjetTest */,
				275A117A2C821F46009FAD13 /* ProjetTestTests */,
				275A11842C821F46009FAD13 /* ProjetTestUITests */,
				275A11672C821F44009FAD13 /* Products */,
			);
			sourceTree = "<group>";
		};
		275A11672C821F44009FAD13 /* Products */ = {
			isa = PBXGroup;
			children = (
				275A11662C821F44009FAD13 /* ProjetTest.app */,
				275A11772C821F46009FAD13 /* ProjetTestTests.xctest */,
				275A11812C821F46009FAD13 /* ProjetTestUITests.xctest */,
			);
			name = Products;
			sourceTree = "<group>";
		};
		275A11682C821F44009FAD13 /* ProjetTest */ = {
			isa = PBXGroup;
			children = (
				275A11692C821F44009FAD13 /* ProjetTestApp.swift */,
				275A116B2C821F44009FAD13 /* ContentView.swift */,
				275A116D2C821F45009FAD13 /* Assets.xcassets */,
				275A116F2C821F45009FAD13 /* ProjetTest.entitlements */,
				275A11702C821F45009FAD13 /* Preview Content */,
			);
			path = ProjetTest;
			sourceTree = "<group>";
		};
		275A11702C821F45009FAD13 /* Preview Content */ = {
			isa = PBXGroup;
			children = (
				275A11712C821F45009FAD13 /* Preview Assets.xcassets */,
			);
			path = "Preview Content";
			sourceTree = "<group>";
		};
		275A117A2C821F46009FAD13 /* ProjetTestTests */ = {
			isa = PBXGroup;
			children = (
				275A117B2C821F46009FAD13 /* ProjetTestTests.swift */,
			);
			path = ProjetTestTests;
			sourceTree = "<group>";
		};
		275A11842C821F46009FAD13 /* ProjetTestUITests */ = {
			isa = PBXGroup;
			children = (
				275A11852C821F46009FAD13 /* ProjetTestUITests.swift */,
				275A11872C821F46009FAD13 /* ProjetTestUITestsLaunchTests.swift */,
			);
			path = ProjetTestUITests;
			sourceTree = "<group>";
		};
/* End PBXGroup section */

/* Begin PBXNativeTarget section */
		275A11652C821F44009FAD13 /* ProjetTest */ = {
			isa = PBXNativeTarget;
			buildConfigurationList = 275A118B2C821F46009FAD13 /* Build configuration list for PBXNativeTarget "ProjetTest" */;
			buildPhases = (
				275A11622C821F44009FAD13 /* Sources */,
				275A11632C821F44009FAD13 /* Frameworks */,
				275A11642C821F44009FAD13 /* Resources */,
			);
			buildRules = (
			);
			dependencies = (
			);
			name = ProjetTest;
			productName = ProjetTest;
			productReference = 275A11662C821F44009FAD13 /* ProjetTest.app */;
			productType = "com.apple.product-type.application";
		};
		275A11762C821F46009FAD13 /* ProjetTestTests */ = {
			isa = PBXNativeTarget;
			buildConfigurationList = 275A118E2C821F46009FAD13 /* Build configuration list for PBXNativeTarget "ProjetTestTests" */;
			buildPhases = (
				275A11732C821F46009FAD13 /* Sources */,
				275A11742C821F46009FAD13 /* Frameworks */,
				275A11752C821F46009FAD13 /* Resources */,
			);
			buildRules = (
			);
			dependencies = (
				275A11792C821F46009FAD13 /* PBXTargetDependency */,
			);
			name = ProjetTestTests;
			productName = ProjetTestTests;
			productReference = 275A11772C821F46009FAD13 /* ProjetTestTests.xctest */;
			productType = "com.apple.product-type.bundle.unit-test";
		};
		275A11802C821F46009FAD13 /* ProjetTestUITests */ = {
			isa = PBXNativeTarget;
			buildConfigurationList = 275A11912C821F46009FAD13 /* Build configuration list for PBXNativeTarget "ProjetTestUITests" */;
			buildPhases = (
				275A117D2C821F46009FAD13 /* Sources */,
				275A117E2C821F46009FAD13 /* Frameworks */,
				275A117F2C821F46009FAD13 /* Resources */,
			);
			buildRules = (
			);
			dependencies = (
				275A11832C821F46009FAD13 /* PBXTargetDependency */,
			);
			name = ProjetTestUITests;
			productName = ProjetTestUITests;
			productReference = 275A11812C821F46009FAD13 /* ProjetTestUITests.xctest */;
			productType = "com.apple.product-type.bundle.ui-testing";
		};
/* End PBXNativeTarget section */

/* Begin PBXProject section */
		275A115E2C821F44009FAD13 /* Project object */ = {
			isa = PBXProject;
			attributes = {
				BuildIndependentTargetsInParallel = 1;
				LastSwiftUpdateCheck = 1430;
				LastUpgradeCheck = 1430;
				TargetAttributes = {
					275A11652C821F44009FAD13 = {
						CreatedOnToolsVersion = 14.3;
					};
					275A11762C821F46009FAD13 = {
						CreatedOnToolsVersion = 14.3;
						TestTargetID = 275A11652C821F44009FAD13;
					};
					275A11802C821F46009FAD13 = {
						CreatedOnToolsVersion = 14.3;
						TestTargetID = 275A11652C821F44009FAD13;
					};
				};
			};
			buildConfigurationList = 275A11612C821F44009FAD13 /* Build configuration list for PBXProject "ProjetTest" */;
			compatibilityVersion = "Xcode 14.0";
			developmentRegion = en;
			hasScannedForEncodings = 0;
			knownRegions = (
				en,
				Base,
			);
			mainGroup = 275A115D2C821F44009FAD13;
			productRefGroup = 275A11672C821F44009FAD13 /* Products */;
			projectDirPath = "";
			projectRoot = "";
			targets = (
				275A11652C821F44009FAD13 /* ProjetTest */,
				275A11762C821F46009FAD13 /* ProjetTestTests */,
				275A11802C821F46009FAD13 /* ProjetTestUITests */,
			);
		};
/* End PBXProject section */

/* Begin PBXResourcesBuildPhase section */
		275A11642C821F44009FAD13 /* Resources */ = {
			isa = PBXResourcesBuildPhase;
			buildActionMask = 2147483647;
			files = (
				275A11722C821F45009FAD13 /* Preview Assets.xcassets in Resources */,
				275A116E2C821F45009FAD13 /* Assets.xcassets in Resources */,
			);
			runOnlyForDeploymentPostprocessing = 0;
		};
		275A11752C821F46009FAD13 /* Resources */ = {
			isa = PBXResourcesBuildPhase;
			buildActionMask = 2147483647;
			files = (
			);
			runOnlyForDeploymentPostprocessing = 0;
		};
		275A117F2C821F46009FAD13 /* Resources */ = {
			isa = PBXResourcesBuildPhase;
			buildActionMask = 2147483647;
			files = (
			);
			runOnlyForDeploymentPostprocessing = 0;
		};
/* End PBXResourcesBuildPhase section */

/* Begin PBXSourcesBuildPhase section */
		275A11622C821F44009FAD13 /* Sources */ = {
			isa = PBXSourcesBuildPhase;
			buildActionMask = 2147483647;
			files = (
				275A116C2C821F44009FAD13 /* ContentView.swift in Sources */,
				275A116A2C821F44009FAD13 /* ProjetTestApp.swift in Sources */,
			);
			runOnlyForDeploymentPostprocessing = 0;
		};
		275A11732C821F46009FAD13 /* Sources */ = {
			isa = PBXSourcesBuildPhase;
			buildActionMask = 2147483647;
			files = (
				275A117C2C821F46009FAD13 /* ProjetTestTests.swift in Sources */,
			);
			runOnlyForDeploymentPostprocessing = 0;
		};
		275A117D2C821F46009FAD13 /* Sources */ = {
			isa = PBXSourcesBuildPhase;
			buildActionMask = 2147483647;
			files = (
				275A11882C821F46009FAD13 /* ProjetTestUITestsLaunchTests.swift in Sources */,
				275A11862C821F46009FAD13 /* ProjetTestUITests.swift in Sources */,
			);
			runOnlyForDeploymentPostprocessing = 0;
		};
/* End PBXSourcesBuildPhase section */

/* Begin PBXTargetDependency section */
		275A11792C821F46009FAD13 /* PBXTargetDependency */ = {
			isa = PBXTargetDependency;
			target = 275A11652C821F44009FAD13 /* ProjetTest */;
			targetProxy = 275A11782C821F46009FAD13 /* PBXContainerItemProxy */;
		};
		275A11832C821F46009FAD13 /* PBXTargetDependency */ = {
			isa = PBXTargetDependency;
			target = 275A11652C821F44009FAD13 /* ProjetTest */;
			targetProxy = 275A11822C821F46009FAD13 /* PBXContainerItemProxy */;
		};
/* End PBXTargetDependency section */

/* Begin XCBuildConfiguration section */
		275A11892C821F46009FAD13 /* Debug */ = {
			isa = XCBuildConfiguration;
			buildSettings = {
				ALWAYS_SEARCH_USER_PATHS = NO;
				CLANG_ANALYZER_NONNULL = YES;
				CLANG_ANALYZER_NUMBER_OBJECT_CONVERSION = YES_AGGRESSIVE;
				CLANG_CXX_LANGUAGE_STANDARD = "gnu++20";
				CLANG_ENABLE_MODULES = YES;
				CLANG_ENABLE_OBJC_ARC = YES;
				CLANG_ENABLE_OBJC_WEAK = YES;
				CLANG_WARN_BLOCK_CAPTURE_AUTORELEASING = YES;
				CLANG_WARN_BOOL_CONVERSION = YES;
				CLANG_WARN_COMMA = YES;
				CLANG_WARN_CONSTANT_CONVERSION = YES;
				CLANG_WARN_DEPRECATED_OBJC_IMPLEMENTATIONS = YES;
				CLANG_WARN_DIRECT_OBJC_ISA_USAGE = YES_ERROR;
				CLANG_WARN_DOCUMENTATION_COMMENTS = YES;
				CLANG_WARN_EMPTY_BODY = YES;
				CLANG_WARN_ENUM_CONVERSION = YES;
				CLANG_WARN_INFINITE_RECURSION = YES;
				CLANG_WARN_INT_CONVERSION = YES;
				CLANG_WARN_NON_LITERAL_NULL_CONVERSION = YES;
				CLANG_WARN_OBJC_IMPLICIT_RETAIN_SELF = YES;
				CLANG_WARN_OBJC_LITERAL_CONVERSION = YES;
				CLANG_WARN_OBJC_ROOT_CLASS = YES_ERROR;
				CLANG_WARN_QUOTED_INCLUDE_IN_FRAMEWORK_HEADER = YES;
				CLANG_WARN_RANGE_LOOP_ANALYSIS = YES;
				CLANG_WARN_STRICT_PROTOTYPES = YES;
				CLANG_WARN_SUSPICIOUS_MOVE = YES;
				CLANG_WARN_UNGUARDED_AVAILABILITY = YES_AGGRESSIVE;
				CLANG_WARN_UNREACHABLE_CODE = YES;
				CLANG_WARN__DUPLICATE_METHOD_MATCH = YES;
				COPY_PHASE_STRIP = NO;
				DEBUG_INFORMATION_FORMAT = dwarf;
				ENABLE_STRICT_OBJC_MSGSEND = YES;
				ENABLE_TESTABILITY = YES;
				GCC_C_LANGUAGE_STANDARD = gnu11;
				GCC_DYNAMIC_NO_PIC = NO;
				GCC_NO_COMMON_BLOCKS = YES;
				GCC_OPTIMIZATION_LEVEL = 0;
				GCC_PREPROCESSOR_DEFINITIONS = (
					"DEBUG=1",
					"$(inherited)",
				);
				GCC_WARN_64_TO_32_BIT_CONVERSION = YES;
				GCC_WARN_ABOUT_RETURN_TYPE = YES_ERROR;
				GCC_WARN_UNDECLARED_SELECTOR = YES;
				GCC_WARN_UNINITIALIZED_AUTOS = YES_AGGRESSIVE;
				GCC_WARN_UNUSED_FUNCTION = YES;
				GCC_WARN_UNUSED_VARIABLE = YES;
				MTL_ENABLE_DEBUG_INFO = INCLUDE_SOURCE;
				MTL_FAST_MATH = YES;
				ONLY_ACTIVE_ARCH = YES;
				SWIFT_ACTIVE_COMPILATION_CONDITIONS = DEBUG;
				SWIFT_OPTIMIZATION_LEVEL = "-Onone";
			};
			name = Debug;
		};
		275A118A2C821F46009FAD13 /* Release */ = {
			isa = XCBuildConfiguration;
			buildSettings = {
				ALWAYS_SEARCH_USER_PATHS = NO;
				CLANG_ANALYZER_NONNULL = YES;
				CLANG_ANALYZER_NUMBER_OBJECT_CONVERSION = YES_AGGRESSIVE;
				CLANG_CXX_LANGUAGE_STANDARD = "gnu++20";
				CLANG_ENABLE_MODULES = YES;
				CLANG_ENABLE_OBJC_ARC = YES;
				CLANG_ENABLE_OBJC_WEAK = YES;
				CLANG_WARN_BLOCK_CAPTURE_AUTORELEASING = YES;
				CLANG_WARN_BOOL_CONVERSION = YES;
				CLANG_WARN_COMMA = YES;
				CLANG_WARN_CONSTANT_CONVERSION = YES;
				CLANG_WARN_DEPRECATED_OBJC_IMPLEMENTATIONS = YES;
				CLANG_WARN_DIRECT_OBJC_ISA_USAGE = YES_ERROR;
				CLANG_WARN_DOCUMENTATION_COMMENTS = YES;
				CLANG_WARN_EMPTY_BODY = YES;
				CLANG_WARN_ENUM_CONVERSION = YES;
				CLANG_WARN_INFINITE_RECURSION = YES;
				CLANG_WARN_INT_CONVERSION = YES;
				CLANG_WARN_NON_LITERAL_NULL_CONVERSION = YES;
				CLANG_WARN_OBJC_IMPLICIT_RETAIN_SELF = YES;
				CLANG_WARN_OBJC_LITERAL_CONVERSION = YES;
				CLANG_WARN_OBJC_ROOT_CLASS = YES_ERROR;
				CLANG_WARN_QUOTED_INCLUDE_IN_FRAMEWORK_HEADER = YES;
				CLANG_WARN_RANGE_LOOP_ANALYSIS = YES;
				CLANG_WARN_STRICT_PROTOTYPES = YES;
				CLANG_WARN_SUSPICIOUS_MOVE = YES;
				CLANG_WARN_UNGUARDED_AVAILABILITY = YES_AGGRESSIVE;
				CLANG_WARN_UNREACHABLE_CODE = YES;
				CLANG_WARN__DUPLICATE_METHOD_MATCH = YES;
				COPY_PHASE_STRIP = NO;
				DEBUG_INFORMATION_FORMAT = "dwarf-with-dsym";
				ENABLE_NS_ASSERTIONS = NO;
				ENABLE_STRICT_OBJC_MSGSEND = YES;
				GCC_C_LANGUAGE_STANDARD = gnu11;
				GCC_NO_COMMON_BLOCKS = YES;
				GCC_WARN_64_TO_32_BIT_CONVERSION = YES;
				GCC_WARN_ABOUT_RETURN_TYPE = YES_ERROR;
				GCC_WARN_UNDECLARED_SELECTOR = YES;
				GCC_WARN_UNINITIALIZED_AUTOS = YES_AGGRESSIVE;
				GCC_WARN_UNUSED_FUNCTION = YES;
				GCC_WARN_UNUSED_VARIABLE = YES;
				MTL_ENABLE_DEBUG_INFO = NO;
				MTL_FAST_MATH = YES;
				SWIFT_COMPILATION_MODE = wholemodule;
				SWIFT_OPTIMIZATION_LEVEL = "-O";
			};
			name = Release;
		};
		275A118C2C821F46009FAD13 /* Debug */ = {
			isa = XCBuildConfiguration;
			buildSettings = {
				ASSETCATALOG_COMPILER_APPICON_NAME = AppIcon;
				ASSETCATALOG_COMPILER_GLOBAL_ACCENT_COLOR_NAME = AccentColor;
				CODE_SIGN_ENTITLEMENTS = ProjetTest/ProjetTest.entitlements;
				CODE_SIGN_STYLE = Automatic;
				CURRENT_PROJECT_VERSION = 1;
				DEVELOPMENT_ASSET_PATHS = "\"ProjetTest/Preview Content\"";
				ENABLE_PREVIEWS = YES;
				GENERATE_INFOPLIST_FILE = YES;
				"INFOPLIST_KEY_UIApplicationSceneManifest_Generation[sdk=iphoneos*]" = YES;
				"INFOPLIST_KEY_UIApplicationSceneManifest_Generation[sdk=iphonesimulator*]" = YES;
				"INFOPLIST_KEY_UIApplicationSupportsIndirectInputEvents[sdk=iphoneos*]" = YES;
				"INFOPLIST_KEY_UIApplicationSupportsIndirectInputEvents[sdk=iphonesimulator*]" = YES;
				"INFOPLIST_KEY_UILaunchScreen_Generation[sdk=iphoneos*]" = YES;
				"INFOPLIST_KEY_UILaunchScreen_Generation[sdk=iphonesimulator*]" = YES;
				"INFOPLIST_KEY_UIStatusBarStyle[sdk=iphoneos*]" = UIStatusBarStyleDefault;
				"INFOPLIST_KEY_UIStatusBarStyle[sdk=iphonesimulator*]" = UIStatusBarStyleDefault;
				INFOPLIST_KEY_UISupportedInterfaceOrientations_iPad = "UIInterfaceOrientationPortrait UIInterfaceOrientationPortraitUpsideDown UIInterfaceOrientationLandscapeLeft UIInterfaceOrientationLandscapeRight";
				INFOPLIST_KEY_UISupportedInterfaceOrientations_iPhone = "UIInterfaceOrientationPortrait UIInterfaceOrientationLandscapeLeft UIInterfaceOrientationLandscapeRight";
				IPHONEOS_DEPLOYMENT_TARGET = 16.4;
				LD_RUNPATH_SEARCH_PATHS = "@executable_path/Frameworks";
				"LD_RUNPATH_SEARCH_PATHS[sdk=macosx*]" = "@executable_path/../Frameworks";
				MACOSX_DEPLOYMENT_TARGET = 13.2;
				MARKETING_VERSION = 1.0;
				PRODUCT_BUNDLE_IDENTIFIER = ydm.ProjetTest;
				PRODUCT_NAME = "$(TARGET_NAME)";
				SDKROOT = auto;
				SUPPORTED_PLATFORMS = "iphoneos iphonesimulator macosx";
				SWIFT_EMIT_LOC_STRINGS = YES;
				SWIFT_VERSION = 5.0;
				TARGETED_DEVICE_FAMILY = "1,2";
			};
			name = Debug;
		};
		275A118D2C821F46009FAD13 /* Release */ = {
			isa = XCBuildConfiguration;
			buildSettings = {
				ASSETCATALOG_COMPILER_APPICON_NAME = AppIcon;
				ASSETCATALOG_COMPILER_GLOBAL_ACCENT_COLOR_NAME = AccentColor;
				CODE_SIGN_ENTITLEMENTS = ProjetTest/ProjetTest.entitlements;
				CODE_SIGN_STYLE = Automatic;
				CURRENT_PROJECT_VERSION = 1;
				DEVELOPMENT_ASSET_PATHS = "\"ProjetTest/Preview Content\"";
				ENABLE_PREVIEWS = YES;
				GENERATE_INFOPLIST_FILE = YES;
				"INFOPLIST_KEY_UIApplicationSceneManifest_Generation[sdk=iphoneos*]" = YES;
				"INFOPLIST_KEY_UIApplicationSceneManifest_Generation[sdk=iphonesimulator*]" = YES;
				"INFOPLIST_KEY_UIApplicationSupportsIndirectInputEvents[sdk=iphoneos*]" = YES;
				"INFOPLIST_KEY_UIApplicationSupportsIndirectInputEvents[sdk=iphonesimulator*]" = YES;
				"INFOPLIST_KEY_UILaunchScreen_Generation[sdk=iphoneos*]" = YES;
				"INFOPLIST_KEY_UILaunchScreen_Generation[sdk=iphonesimulator*]" = YES;
				"INFOPLIST_KEY_UIStatusBarStyle[sdk=iphoneos*]" = UIStatusBarStyleDefault;
				"INFOPLIST_KEY_UIStatusBarStyle[sdk=iphonesimulator*]" = UIStatusBarStyleDefault;
				INFOPLIST_KEY_UISupportedInterfaceOrientations_iPad = "UIInterfaceOrientationPortrait UIInterfaceOrientationPortraitUpsideDown UIInterfaceOrientationLandscapeLeft UIInterfaceOrientationLandscapeRight";
				INFOPLIST_KEY_UISupportedInterfaceOrientations_iPhone = "UIInterfaceOrientationPortrait UIInterfaceOrientationLandscapeLeft UIInterfaceOrientationLandscapeRight";
				IPHONEOS_DEPLOYMENT_TARGET = 16.4;
				LD_RUNPATH_SEARCH_PATHS = "@executable_path/Frameworks";
				"LD_RUNPATH_SEARCH_PATHS[sdk=macosx*]" = "@executable_path/../Frameworks";
				MACOSX_DEPLOYMENT_TARGET = 13.2;
				MARKETING_VERSION = 1.0;
				PRODUCT_BUNDLE_IDENTIFIER = ydm.ProjetTest;
				PRODUCT_NAME = "$(TARGET_NAME)";
				SDKROOT = auto;
				SUPPORTED_PLATFORMS = "iphoneos iphonesimulator macosx";
				SWIFT_EMIT_LOC_STRINGS = YES;
				SWIFT_VERSION = 5.0;
				TARGETED_DEVICE_FAMILY = "1,2";
			};
			name = Release;
		};
		275A118F2C821F46009FAD13 /* Debug */ = {
			isa = XCBuildConfiguration;
			buildSettings = {
				ALWAYS_EMBED_SWIFT_STANDARD_LIBRARIES = YES;
				BUNDLE_LOADER = "$(TEST_HOST)";
				CODE_SIGN_STYLE = Automatic;
				CURRENT_PROJECT_VERSION = 1;
				GENERATE_INFOPLIST_FILE = YES;
				IPHONEOS_DEPLOYMENT_TARGET = 16.4;
				MACOSX_DEPLOYMENT_TARGET = 13.2;
				MARKETING_VERSION = 1.0;
				PRODUCT_BUNDLE_IDENTIFIER = ydm.ProjetTestTests;
				PRODUCT_NAME = "$(TARGET_NAME)";
				SDKROOT = auto;
				SUPPORTED_PLATFORMS = "iphoneos iphonesimulator macosx";
				SWIFT_EMIT_LOC_STRINGS = NO;
				SWIFT_VERSION = 5.0;
				TARGETED_DEVICE_FAMILY = "1,2";
				TEST_HOST = "$(BUILT_PRODUCTS_DIR)/ProjetTest.app/$(BUNDLE_EXECUTABLE_FOLDER_PATH)/ProjetTest";
			};
			name = Debug;
		};
		275A11902C821F46009FAD13 /* Release */ = {
			isa = XCBuildConfiguration;
			buildSettings = {
				ALWAYS_EMBED_SWIFT_STANDARD_LIBRARIES = YES;
				BUNDLE_LOADER = "$(TEST_HOST)";
				CODE_SIGN_STYLE = Automatic;
				CURRENT_PROJECT_VERSION = 1;
				GENERATE_INFOPLIST_FILE = YES;
				IPHONEOS_DEPLOYMENT_TARGET = 16.4;
				MACOSX_DEPLOYMENT_TARGET = 13.2;
				MARKETING_VERSION = 1.0;
				PRODUCT_BUNDLE_IDENTIFIER = ydm.ProjetTestTests;
				PRODUCT_NAME = "$(TARGET_NAME)";
				SDKROOT = auto;
				SUPPORTED_PLATFORMS = "iphoneos iphonesimulator macosx";
				SWIFT_EMIT_LOC_STRINGS = NO;
				SWIFT_VERSION = 5.0;
				TARGETED_DEVICE_FAMILY = "1,2";
				TEST_HOST = "$(BUILT_PRODUCTS_DIR)/ProjetTest.app/$(BUNDLE_EXECUTABLE_FOLDER_PATH)/ProjetTest";
			};
			name = Release;
		};
		275A11922C821F46009FAD13 /* Debug */ = {
			isa = XCBuildConfiguration;
			buildSettings = {
				ALWAYS_EMBED_SWIFT_STANDARD_LIBRARIES = YES;
				CODE_SIGN_STYLE = Automatic;
				CURRENT_PROJECT_VERSION = 1;
				GENERATE_INFOPLIST_FILE = YES;
				IPHONEOS_DEPLOYMENT_TARGET = 16.4;
				MACOSX_DEPLOYMENT_TARGET = 13.2;
				MARKETING_VERSION = 1.0;
				PRODUCT_BUNDLE_IDENTIFIER = ydm.ProjetTestUITests;
				PRODUCT_NAME = "$(TARGET_NAME)";
				SDKROOT = auto;
				SUPPORTED_PLATFORMS = "iphoneos iphonesimulator macosx";
				SWIFT_EMIT_LOC_STRINGS = NO;
				SWIFT_VERSION = 5.0;
				TARGETED_DEVICE_FAMILY = "1,2";
				TEST_TARGET_NAME = ProjetTest;
			};
			name = Debug;
		};
		275A11932C821F46009FAD13 /* Release */ = {
			isa = XCBuildConfiguration;
			buildSettings = {
				ALWAYS_EMBED_SWIFT_STANDARD_LIBRARIES = YES;
				CODE_SIGN_STYLE = Automatic;
				CURRENT_PROJECT_VERSION = 1;
				GENERATE_INFOPLIST_FILE = YES;
				IPHONEOS_DEPLOYMENT_TARGET = 16.4;
				MACOSX_DEPLOYMENT_TARGET = 13.2;
				MARKETING_VERSION = 1.0;
				PRODUCT_BUNDLE_IDENTIFIER = ydm.ProjetTestUITests;
				PRODUCT_NAME = "$(TARGET_NAME)";
				SDKROOT = auto;
				SUPPORTED_PLATFORMS = "iphoneos iphonesimulator macosx";
				SWIFT_EMIT_LOC_STRINGS = NO;
				SWIFT_VERSION = 5.0;
				TARGETED_DEVICE_FAMILY = "1,2";
				TEST_TARGET_NAME = ProjetTest;
			};
			name = Release;
		};
/* End XCBuildConfiguration section */

/* Begin XCConfigurationList section */
		275A11612C821F44009FAD13 /* Build configuration list for PBXProject "ProjetTest" */ = {
			isa = XCConfigurationList;
			buildConfigurations = (
				275A11892C821F46009FAD13 /* Debug */,
				275A118A2C821F46009FAD13 /* Release */,
			);
			defaultConfigurationIsVisible = 0;
			defaultConfigurationName = Release;
		};
		275A118B2C821F46009FAD13 /* Build configuration list for PBXNativeTarget "ProjetTest" */ = {
			isa = XCConfigurationList;
			buildConfigurations = (
				275A118C2C821F46009FAD13 /* Debug */,
				275A118D2C821F46009FAD13 /* Release */,
			);
			defaultConfigurationIsVisible = 0;
			defaultConfigurationName = Release;
		};
		275A118E2C821F46009FAD13 /* Build configuration list for PBXNativeTarget "ProjetTestTests" */ = {
			isa = XCConfigurationList;
			buildConfigurations = (
				275A118F2C821F46009FAD13 /* Debug */,
				275A11902C821F46009FAD13 /* Release */,
			);
			defaultConfigurationIsVisible = 0;
			defaultConfigurationName = Release;
		};
		275A11912C821F46009FAD13 /* Build configuration list for PBXNativeTarget "ProjetTestUITests" */ = {
			isa = XCConfigurationList;
			buildConfigurations = (
				275A11922C821F46009FAD13 /* Debug */,
				275A11932C821F46009FAD13 /* Release */,
			);
			defaultConfigurationIsVisible = 0;
			defaultConfigurationName = Release;
		};
/* End XCConfigurationList section */
	};
	rootObject = 275A115E2C821F44009FAD13 /* Project object */;
}
